# This file is generated by running "yarn install" inside your project.
# Manual changes might be lost - proceed with caution!

__metadata:
  version: 10
  cacheKey: 10c0

"@biomejs/biome@npm:^2.5.15":
  version: 2.5.15
  resolution: "@biomejs/biome@npm:2.5.15"
  dependencies:
    "@biomejs/cli-darwin-arm64": "npm:2.5.15"
    "@biomejs/cli-darwin-x64": "npm:2.5.15"
    "@biomejs/cli-linux-arm64": "npm:2.5.15"
    "@biomejs/cli-linux-arm64-musl": "npm:2.5.15"
    "@biomejs/cli-linux-x64": "npm:2.5.15"
    "@biomejs/cli-linux-x64-musl": "npm:2.5.15"
    "@biomejs/cli-win32-arm64": "npm:2.5.15"
    "@biomejs/cli-win32-x64": "npm:2.5.15"
  dependenciesMeta:
    "@biomejs/cli-darwin-arm64":
      optional: true
    "@biomejs/cli-darwin-x64":
      optional: true
    "@biomejs/cli-linux-arm64":
      optional: true
    "@biomejs/cli-linux-arm64-musl":
      optional: true
    "@biomejs/cli-linux-x64":
      optional: true
    "@biomejs/cli-linux-x64-musl":
      optional: true
    "@biomejs/cli-win32-arm64":
      optional: true
    "@biomejs/cli-win32-x64":
      optional: true
  bin:
    biome: bin/biome
  checksum: 10c0/8c8f270eb8f11801968d064c5924cce2e0bc3f54317181486cfb9a0818048c4655bd7cbe59275633a9fe4fc92160a4fdb62fb603d80df0eebc2b6b67e52c675b
  languageName: node
  linkType: hard

"@biomejs/cli-darwin-arm64@npm:2.5.15":
  version: 2.5.15
  resolution: "@biomejs/cli-darwin-arm64@npm:2.5.15"
  conditions: os=darwin & cpu=arm64
  languageName: node
  linkType: hard

"@biomejs/cli-darwin-x64@npm:2.5.15":
  version: 2.5.15
  resolution: "@biomejs/cli-darwin-x64@npm:2.5.15"
  conditions: os=darwin & cpu=x64
  languageName: node
  linkType: hard

"@biomejs/cli-linux-arm64-musl@npm:2.5.15":
  version: 2.5.15
  resolution: "@biomejs/cli-linux-arm64-musl@npm:2.5.15"
  conditions: os=linux & cpu=arm64 & libc=musl
  languageName: node
  linkType: hard

"@biomejs/cli-linux-arm64@npm:2.5.15":
  version: 2.5.15
  resolution: "@biomejs/cli-linux-arm64@npm:2.5.15"
  conditions: os=linux & cpu=arm64 & libc=glibc
  languageName: node
  linkType: hard

"@biomejs/cli-linux-x64-musl@npm:2.5.15":
  version: 2.5.15
  resolution: "@biomejs/cli-linux-x64-musl@npm:2.5.15"
  conditions: os=linux & cpu=x64 & libc=musl
  languageName: node
  linkType: hard

"@biomejs/cli-linux-x64@npm:2.5.15":
  version: 2.5.15
  resolution: "@biomejs/cli-linux-x64@npm:2.5.15"
  conditions: os=linux & cpu=x64 & libc=glibc
  languageName: node
  linkType: hard

"@biomejs/cli-win32-arm64@npm:2.5.15":
  version: 2.5.15
  resolution: "@biomejs/cli-win32-arm64@npm:2.5.15"
  conditions: os=win32 & cpu=arm64
  languageName: node
  linkType: hard

"@biomejs/cli-win32-x64@npm:2.5.15":
  version: 2.5.15
  resolution: "@biomejs/cli-win32-x64@npm:2.5.15"
  conditions: os=win32 & cpu=x64
  languageName: node
  linkType: hard

"@microstudio/cli@workspace:packages/cli":
  version: 0.0.0-use.local
  resolution: "@microstudio/cli@workspace:packages/cli"
  dependencies:
    "@microstudio/roblox-ts": "npm:*"
    "@microstudio/runtime": "npm:*"
    "@microstudio/test": "npm:*"
  bin:
    microstudio: ./src/index.ts
  languageName: unknown
  linkType: soft

"@microstudio/roblox-ts@npm:*, @microstudio/roblox-ts@workspace:packages/roblox-ts":
  version: 0.0.0-use.local
  resolution: "@microstudio/roblox-ts@workspace:packages/roblox-ts"
  dependencies:
    "@microstudio/runtime": "npm:*"
  languageName: unknown
  linkType: soft

"@microstudio/runtime@npm:*, @microstudio/runtime@workspace:packages/runtime":
  version: 0.0.0-use.local
  resolution: "@microstudio/runtime@workspace:packages/runtime"
  languageName: unknown
  linkType: soft

"@microstudio/test@npm:*, @microstudio/test@workspace:packages/test":
  version: 0.0.0-use.local
  resolution: "@microstudio/test@workspace:packages/test"
  dependencies:
    "@microstudio/roblox-ts": "npm:*"
    "@microstudio/runtime": "npm:*"
  languageName: unknown
  linkType: soft

"@types/node@npm:^22.10.2":
  version: 22.20.5
  resolution: "@types/node@npm:22.20.5"
  dependencies:
    undici-types: "npm:~6.21.0"
  checksum: 10c0/0cf61a89c6a69917ab49f976a6bb11a29e3b348a6ae19f5827ceb91d3ade781faab58dcf3b8fa625f975f5d7536b9166ff94e8250c29272c667164f77c28fa88
  languageName: node
  linkType: hard

"microstudio@workspace:.":
  version: 0.0.0-use.local
  resolution: "microstudio@workspace:."
  dependencies:
    "@biomejs/biome": "npm:^2.5.15"
    "@types/node": "npm:^22.10.2"
    typescript: "npm:^5.9.3"
  languageName: unknown
  linkType: soft

"typescript@npm:^5.9.3":
  version: 5.9.3
  resolution: "typescript@npm:5.9.3"
  bin:
    tsc: bin/tsc
    tsserver: bin/tsserver
  checksum: 10c0/6bd7552ce39f97e711db5aa048f6f9995b53f1c52f7d8667c1abdc1700c68a76a308f579cd309ce6b53646deb4e9a1be7c813a93baaf0a28ccd536a30270e1c5
  languageName: node
  linkType: hard

"typescript@patch:typescript@npm%3A^5.9.3#optional!builtin<compat/typescript>":
  version: 5.9.3
  resolution: "typescript@patch:typescript@npm%3A5.9.3#optional!builtin<compat/typescript>::version=5.9.3&hash=5786d5"
  bin:
    tsc: bin/tsc
    tsserver: bin/tsserver
  checksum: 10c0/ad09fdf7a756814dce65bc60c1657b40d44451346858eea230e10f2e95a289d9183b6e32e5c11e95acc0ccc214b4f36289dcad4bf1886b0adb84d711d336a430
  languageName: node
  linkType: hard

"undici-types@npm:~6.21.0":
  version: 6.21.0
  resolution: "undici-types@npm:6.21.0"
  checksum: 10c0/c01ed51829b10aa72fc3ce64b747f8e74ae9b60eafa19a7b46ef624403508a54c526ffab06a14a26b3120d055e1104d7abe7c9017e83ced038ea5cf52f8d5e04
  languageName: node
  linkType: hard
